// !$*UTF8*$!
{
	archiveVersion = 1;
	classes = {
	};
	objectVersion = 50;
	objects = {

/* Begin PBXBuildFile section */
		26229458268573D600AB8595 /* SearchBarView.swift in Sources */ = {isa = PBXBuildFile; fileRef = 26229457268573D600AB8595 /* SearchBarView.swift */; };
		26229465268584F700AB8595 /* PokedexCollectionViewCell.swift in Sources */ = {isa = PBXBuildFile; fileRef = 26229464268584F700AB8595 /* PokedexCollectionViewCell.swift */; };
		2622946A2685A76E00AB8595 /* Pokemon.swift in Sources */ = {isa = PBXBuildFile; fileRef = 262294692685A76E00AB8595 /* Pokemon.swift */; };
		2622946F2685B0FD00AB8595 /* UIImage.swift in Sources */ = {isa = PBXBuildFile; fileRef = 2622946E2685B0FD00AB8595 /* UIImage.swift */; };
		2640786C2685D92A007B96B4 /* App.Cache.swift in Sources */ = {isa = PBXBuildFile; fileRef = 2640786B2685D92A007B96B4 /* App.Cache.swift */; };
		2686297D268EA87900C5A794 /* UIViewController.swift in Sources */ = {isa = PBXBuildFile; fileRef = 2686297C268EA87900C5A794 /* UIViewController.swift */; };
		268629FB2693FD0500C5A794 /* PokedexTests.swift in Sources */ = {isa = PBXBuildFile; fileRef = 268629FA2693FD0500C5A794 /* PokedexTests.swift */; };
		26B4DB03268D76EB009CFC73 /* FavoritesTableViewCell.swift in Sources */ = {isa = PBXBuildFile; fileRef = 26B4DB02268D76EB009CFC73 /* FavoritesTableViewCell.swift */; };
		26C160EC268C144F002A1B5A /* PokemonsDatabase.xcdatamodeld in Sources */ = {isa = PBXBuildFile; fileRef = 26C160EA268C144E002A1B5A /* PokemonsDatabase.xcdatamodeld */; };
		26C160F0268C1580002A1B5A /* PokemonDatabase+CoreDataClass.swift in Sources */ = {isa = PBXBuildFile; fileRef = 26C160EE268C1580002A1B5A /* PokemonDatabase+CoreDataClass.swift */; };
		26C160F1268C1580002A1B5A /* PokemonDatabase+CoreDataProperties.swift in Sources */ = {isa = PBXBuildFile; fileRef = 26C160EF268C1580002A1B5A /* PokemonDatabase+CoreDataProperties.swift */; };
		26C160F5268C181C002A1B5A /* DatabaseManager.swift in Sources */ = {isa = PBXBuildFile; fileRef = 26C160F4268C181C002A1B5A /* DatabaseManager.swift */; };
		26C16103268C4715002A1B5A /* GenresCollectionViewCell.swift in Sources */ = {isa = PBXBuildFile; fileRef = 26C16102268C4715002A1B5A /* GenresCollectionViewCell.swift */; };
		26C1610A268C4AB3002A1B5A /* PokemonsType.swift in Sources */ = {isa = PBXBuildFile; fileRef = 26C16109268C4AB3002A1B5A /* PokemonsType.swift */; };
		26D278E1268483660059B42B /* AppDelegate.swift in Sources */ = {isa = PBXBuildFile; fileRef = 26D278E0268483660059B42B /* AppDelegate.swift */; };
		26D278E3268483660059B42B /* SceneDelegate.swift in Sources */ = {isa = PBXBuildFile; fileRef = 26D278E2268483660059B42B /* SceneDelegate.swift */; };
		26D278E8268483660059B42B /* Main.storyboard in Resources */ = {isa = PBXBuildFile; fileRef = 26D278E6268483660059B42B /* Main.storyboard */; };
		26D278EA2684836F0059B42B /* Assets.xcassets in Resources */ = {isa = PBXBuildFile; fileRef = 26D278E92684836F0059B42B /* Assets.xcassets */; };
		26D278ED2684836F0059B42B /* LaunchScreen.storyboard in Resources */ = {isa = PBXBuildFile; fileRef = 26D278EB2684836F0059B42B /* LaunchScreen.storyboard */; };
		26D279052684D9260059B42B /* App.swift in Sources */ = {isa = PBXBuildFile; fileRef = 26D279042684D9260059B42B /* App.swift */; };
		26D279082684D95B0059B42B /* App.API.swift in Sources */ = {isa = PBXBuildFile; fileRef = 26D279072684D95B0059B42B /* App.API.swift */; };
		26D2790B2684D9980059B42B /* App.Color.swift in Sources */ = {isa = PBXBuildFile; fileRef = 26D2790A2684D9980059B42B /* App.Color.swift */; };
		26D2790E2684DC2D0059B42B /* App.Font.swift in Sources */ = {isa = PBXBuildFile; fileRef = 26D2790D2684DC2D0059B42B /* App.Font.swift */; };
		26D279122684DD2C0059B42B /* pixelmix_bold.ttf in Resources */ = {isa = PBXBuildFile; fileRef = 26D279102684DD2C0059B42B /* pixelmix_bold.ttf */; };
		26D279132684DD2C0059B42B /* pixelmix.ttf in Resources */ = {isa = PBXBuildFile; fileRef = 26D279112684DD2C0059B42B /* pixelmix.ttf */; };
		26D279182684DEBC0059B42B /* PokedexViewController.swift in Sources */ = {isa = PBXBuildFile; fileRef = 26D279172684DEBC0059B42B /* PokedexViewController.swift */; };
		26D2791C2684DEE20059B42B /* GenresViewController.swift in Sources */ = {isa = PBXBuildFile; fileRef = 26D2791B2684DEE20059B42B /* GenresViewController.swift */; };
		26D2791F2684DEF00059B42B /* FavoritesViewController.swift in Sources */ = {isa = PBXBuildFile; fileRef = 26D2791E2684DEF00059B42B /* FavoritesViewController.swift */; };
		26D279222684DF110059B42B /* DetailsViewController.swift in Sources */ = {isa = PBXBuildFile; fileRef = 26D279212684DF110059B42B /* DetailsViewController.swift */; };
		26E17673269554CD0081DF04 /* data.json in Resources */ = {isa = PBXBuildFile; fileRef = 26E17672269554CD0081DF04 /* data.json */; };
		26F74521268B02E8001C973A /* Int.swift in Sources */ = {isa = PBXBuildFile; fileRef = 26F74520268B02E8001C973A /* Int.swift */; };
		26FE196026897114008C3B5C /* String.swift in Sources */ = {isa = PBXBuildFile; fileRef = 26FE195F26897114008C3B5C /* String.swift */; };
		26FE1963268972B6008C3B5C /* APIService.swift in Sources */ = {isa = PBXBuildFile; fileRef = 26FE1962268972B6008C3B5C /* APIService.swift */; };
		26FE1967268976A0008C3B5C /* FooterPokedexReusableView.swift in Sources */ = {isa = PBXBuildFile; fileRef = 26FE1966268976A0008C3B5C /* FooterPokedexReusableView.swift */; };
/* End PBXBuildFile section */

/* Begin PBXContainerItemProxy section */
		268629FD2693FD0500C5A794 /* PBXContainerItemProxy */ = {
			isa = PBXContainerItemProxy;
			containerPortal = 26D278D5268483650059B42B /* Project object */;
			proxyType = 1;
			remoteGlobalIDString = 26D278DC268483650059B42B;
			remoteInfo = PokedexApp;
		};
/* End PBXContainerItemProxy section */

/* Begin PBXFileReference section */
		26229457268573D600AB8595 /* SearchBarView.swift */ = {isa = PBXFileReference; lastKnownFileType = sourcecode.swift; path = SearchBarView.swift; sourceTree = "<group>"; };
		26229464268584F700AB8595 /* PokedexCollectionViewCell.swift */ = {isa = PBXFileReference; lastKnownFileType = sourcecode.swift; path = PokedexCollectionViewCell.swift; sourceTree = "<group>"; };
		262294692685A76E00AB8595 /* Pokemon.swift */ = {isa = PBXFileReference; lastKnownFileType = sourcecode.swift; path = Pokemon.swift; sourceTree = "<group>"; };
		2622946E2685B0FD00AB8595 /* UIImage.swift */ = {isa = PBXFileReference; lastKnownFileType = sourcecode.swift; path = UIImage.swift; sourceTree = "<group>"; };
		2640786B2685D92A007B96B4 /* App.Cache.swift */ = {isa = PBXFileReference; lastKnownFileType = sourcecode.swift; path = App.Cache.swift; sourceTree = "<group>"; };
		2686297C268EA87900C5A794 /* UIViewController.swift */ = {isa = PBXFileReference; lastKnownFileType = sourcecode.swift; path = UIViewController.swift; sourceTree = "<group>"; };
		268629F82693FD0500C5A794 /* PokedexTests.xctest */ = {isa = PBXFileReference; explicitFileType = wrapper.cfbundle; includeInIndex = 0; path = PokedexTests.xctest; sourceTree = BUILT_PRODUCTS_DIR; };
		268629FA2693FD0500C5A794 /* PokedexTests.swift */ = {isa = PBXFileReference; lastKnownFileType = sourcecode.swift; path = PokedexTests.swift; sourceTree = "<group>"; };
		268629FC2693FD0500C5A794 /* Info.plist */ = {isa = PBXFileReference; lastKnownFileType = text.plist.xml; path = Info.plist; sourceTree = "<group>"; };
		26B4DB02268D76EB009CFC73 /* FavoritesTableViewCell.swift */ = {isa = PBXFileReference; lastKnownFileType = sourcecode.swift; path = FavoritesTableViewCell.swift; sourceTree = "<group>"; };
		26C160EB268C144E002A1B5A /* PokemonsDatabase.xcdatamodel */ = {isa = PBXFileReference; lastKnownFileType = wrapper.xcdatamodel; path = PokemonsDatabase.xcdatamodel; sourceTree = "<group>"; };
		26C160EE268C1580002A1B5A /* PokemonDatabase+CoreDataClass.swift */ = {isa = PBXFileReference; lastKnownFileType = sourcecode.swift; path = "PokemonDatabase+CoreDataClass.swift"; sourceTree = "<group>"; };
		26C160EF268C1580002A1B5A /* PokemonDatabase+CoreDataProperties.swift */ = {isa = PBXFileReference; lastKnownFileType = sourcecode.swift; path = "PokemonDatabase+CoreDataProperties.swift"; sourceTree = "<group>"; };
		26C160F4268C181C002A1B5A /* DatabaseManager.swift */ = {isa = PBXFileReference; lastKnownFileType = sourcecode.swift; path = DatabaseManager.swift; sourceTree = "<group>"; };
		26C16102268C4715002A1B5A /* GenresCollectionViewCell.swift */ = {isa = PBXFileReference; lastKnownFileType = sourcecode.swift; name = GenresCollectionViewCell.swift; path = PokedexApp/Define/GenresCollectionViewCell.swift; sourceTree = SOURCE_ROOT; };
		26C16109268C4AB3002A1B5A /* PokemonsType.swift */ = {isa = PBXFileReference; lastKnownFileType = sourcecode.swift; path = PokemonsType.swift; sourceTree = "<group>"; };
		26D278DD268483660059B42B /* Pokedex.app */ = {isa = PBXFileReference; explicitFileType = wrapper.application; includeInIndex = 0; path = Pokedex.app; sourceTree = BUILT_PRODUCTS_DIR; };
		26D278E0268483660059B42B /* AppDelegate.swift */ = {isa = PBXFileReference; lastKnownFileType = sourcecode.swift; path = AppDelegate.swift; sourceTree = "<group>"; };
		26D278E2268483660059B42B /* SceneDelegate.swift */ = {isa = PBXFileReference; lastKnownFileType = sourcecode.swift; path = SceneDelegate.swift; sourceTree = "<group>"; };
		26D278E7268483660059B42B /* Base */ = {isa = PBXFileReference; lastKnownFileType = file.storyboard; name = Base; path = Base.lproj/Main.storyboard; sourceTree = "<group>"; };
		26D278E92684836F0059B42B /* Assets.xcassets */ = {isa = PBXFileReference; lastKnownFileType = folder.assetcatalog; path = Assets.xcassets; sourceTree = "<group>"; };
		26D278EC2684836F0059B42B /* Base */ = {isa = PBXFileReference; lastKnownFileType = file.storyboard; name = Base; path = Base.lproj/LaunchScreen.storyboard; sourceTree = "<group>"; };
		26D278EE2684836F0059B42B /* Info.plist */ = {isa = PBXFileReference; lastKnownFileType = text.plist.xml; path = Info.plist; sourceTree = "<group>"; };
		26D279042684D9260059B42B /* App.swift */ = {isa = PBXFileReference; lastKnownFileType = sourcecode.swift; path = App.swift; sourceTree = "<group>"; };
		26D279072684D95B0059B42B /* App.API.swift */ = {isa = PBXFileReference; lastKnownFileType = sourcecode.swift; path = App.API.swift; sourceTree = "<group>"; };
		26D2790A2684D9980059B42B /* App.Color.swift */ = {isa = PBXFileReference; lastKnownFileType = sourcecode.swift; path = App.Color.swift; sourceTree = "<group>"; };
		26D2790D2684DC2D0059B42B /* App.Font.swift */ = {isa = PBXFileReference; lastKnownFileType = sourcecode.swift; path = App.Font.swift; sourceTree = "<group>"; };
		26D279102684DD2C0059B42B /* pixelmix_bold.ttf */ = {isa = PBXFileReference; lastKnownFileType = file; path = pixelmix_bold.ttf; sourceTree = "<group>"; };
		26D279112684DD2C0059B42B /* pixelmix.ttf */ = {isa = PBXFileReference; lastKnownFileType = file; path = pixelmix.ttf; sourceTree = "<group>"; };
		26D279172684DEBC0059B42B /* PokedexViewController.swift */ = {isa = PBXFileReference; lastKnownFileType = sourcecode.swift; path = PokedexViewController.swift; sourceTree = "<group>"; };
		26D2791B2684DEE20059B42B /* GenresViewController.swift */ = {isa = PBXFileReference; lastKnownFileType = sourcecode.swift; path = GenresViewController.swift; sourceTree = "<group>"; };
		26D2791E2684DEF00059B42B /* FavoritesViewController.swift */ = {isa = PBXFileReference; lastKnownFileType = sourcecode.swift; path = FavoritesViewController.swift; sourceTree = "<group>"; };
		26D279212684DF110059B42B /* DetailsViewController.swift */ = {isa = PBXFileReference; lastKnownFileType = sourcecode.swift; path = DetailsViewController.swift; sourceTree = "<group>"; };
		26E17672269554CD0081DF04 /* data.json */ = {isa = PBXFileReference; fileEncoding = 4; lastKnownFileType = text.json; name = data.json; path = ../../data.json; sourceTree = "<group>"; };
		26F74520268B02E8001C973A /* Int.swift */ = {isa = PBXFileReference; lastKnownFileType = sourcecode.swift; path = Int.swift; sourceTree = "<group>"; };
		26FE195F26897114008C3B5C /* String.swift */ = {isa = PBXFileReference; lastKnownFileType = sourcecode.swift; path = String.swift; sourceTree = "<group>"; };
		26FE1962268972B6008C3B5C /* APIService.swift */ = {isa = PBXFileReference; lastKnownFileType = sourcecode.swift; path = APIService.swift; sourceTree = "<group>"; };
		26FE1966268976A0008C3B5C /* FooterPokedexReusableView.swift */ = {isa = PBXFileReference; lastKnownFileType = sourcecode.swift; path = FooterPokedexReusableView.swift; sourceTree = "<group>"; };
/* End PBXFileReference section */

/* Begin PBXFrameworksBuildPhase section */
		268629F52693FD0500C5A794 /* Frameworks */ = {
			isa = PBXFrameworksBuildPhase;
			buildActionMask = 2147483647;
			files = (
			);
			runOnlyForDeploymentPostprocessing = 0;
		};
		26D278DA268483650059B42B /* Frameworks */ = {
			isa = PBXFrameworksBuildPhase;
			buildActionMask = 2147483647;
			files = (
			);
			runOnlyForDeploymentPostprocessing = 0;
		};
/* End PBXFrameworksBuildPhase section */

/* Begin PBXGroup section */
		26229456268573BF00AB8595 /* Custom */ = {
			isa = PBXGroup;
			children = (
				26229457268573D600AB8595 /* SearchBarView.swift */,
			);
			path = Custom;
			sourceTree = "<group>";
		};
		26229460268584B800AB8595 /* Pokedex */ = {
			isa = PBXGroup;
			children = (
				26FE19652689768C008C3B5C /* Reusables */,
				26229463268584D400AB8595 /* Cells */,
			);
			path = Pokedex;
			sourceTree = "<group>";
		};
		26229461268584BF00AB8595 /* Genres */ = {
			isa = PBXGroup;
			children = (
				26C16102268C4715002A1B5A /* GenresCollectionViewCell.swift */,
			);
			path = Genres;
			sourceTree = "<group>";
		};
		26229462268584C600AB8595 /* Favorites */ = {
			isa = PBXGroup;
			children = (
				26B4DB01268D76DD009CFC73 /* Cells */,
			);
			path = Favorites;
			sourceTree = "<group>";
		};
		26229463268584D400AB8595 /* Cells */ = {
			isa = PBXGroup;
			children = (
				26229464268584F700AB8595 /* PokedexCollectionViewCell.swift */,
			);
			path = Cells;
			sourceTree = "<group>";
		};
		262294682685A75500AB8595 /* Objects */ = {
			isa = PBXGroup;
			children = (
				262294692685A76E00AB8595 /* Pokemon.swift */,
				26C16109268C4AB3002A1B5A /* PokemonsType.swift */,
			);
			path = Objects;
			sourceTree = "<group>";
		};
		2622946D2685B02800AB8595 /* Extensions */ = {
			isa = PBXGroup;
			children = (
				2622946E2685B0FD00AB8595 /* UIImage.swift */,
				26FE195F26897114008C3B5C /* String.swift */,
				26F74520268B02E8001C973A /* Int.swift */,
				2686297C268EA87900C5A794 /* UIViewController.swift */,
			);
			path = Extensions;
			sourceTree = "<group>";
		};
		268629F92693FD0500C5A794 /* PokedexTests */ = {
			isa = PBXGroup;
			children = (
				26E17672269554CD0081DF04 /* data.json */,
				268629FA2693FD0500C5A794 /* PokedexTests.swift */,
				268629FC2693FD0500C5A794 /* Info.plist */,
			);
			path = PokedexTests;
			sourceTree = "<group>";
		};
		26B4DB01268D76DD009CFC73 /* Cells */ = {
			isa = PBXGroup;
			children = (
				26B4DB02268D76EB009CFC73 /* FavoritesTableViewCell.swift */,
			);
			path = Cells;
			sourceTree = "<group>";
		};
		26C160E9268C142D002A1B5A /* Database */ = {
			isa = PBXGroup;
			children = (
				26C160EE268C1580002A1B5A /* PokemonDatabase+CoreDataClass.swift */,
				26C160EF268C1580002A1B5A /* PokemonDatabase+CoreDataProperties.swift */,
				26C160EA268C144E002A1B5A /* PokemonsDatabase.xcdatamodeld */,
				26C160F4268C181C002A1B5A /* DatabaseManager.swift */,
			);
			path = Database;
			sourceTree = "<group>";
		};
		26D278D4268483650059B42B = {
			isa = PBXGroup;
			children = (
				26D278DF268483660059B42B /* PokedexApp */,
				268629F92693FD0500C5A794 /* PokedexTests */,
				26D278DE268483660059B42B /* Products */,
			);
			sourceTree = "<group>";
		};
		26D278DE268483660059B42B /* Products */ = {
			isa = PBXGroup;
			children = (
				26D278DD268483660059B42B /* Pokedex.app */,
				268629F82693FD0500C5A794 /* PokedexTests.xctest */,
			);
			name = Products;
			sourceTree = "<group>";
		};
		26D278DF268483660059B42B /* PokedexApp */ = {
			isa = PBXGroup;
			children = (
				26C160E9268C142D002A1B5A /* Database */,
				2622946D2685B02800AB8595 /* Extensions */,
				26D278FD2684D7150059B42B /* AppDelegate */,
				26D278FC2684D70E0059B42B /* Define */,
				26D278FB2684D7070059B42B /* Controllers */,
				26D278FA2684D7030059B42B /* Views */,
				26D278F92684D6FC0059B42B /* Models */,
				26D278F82684D6D40059B42B /* Resources */,
				26D278EE2684836F0059B42B /* Info.plist */,
			);
			path = PokedexApp;
			sourceTree = "<group>";
		};
		26D278F82684D6D40059B42B /* Resources */ = {
			isa = PBXGroup;
			children = (
				26D278FF2684D72E0059B42B /* Fonts */,
				26D278E6268483660059B42B /* Main.storyboard */,
				26D278E92684836F0059B42B /* Assets.xcassets */,
				26D278EB2684836F0059B42B /* LaunchScreen.storyboard */,
			);
			path = Resources;
			sourceTree = "<group>";
		};
		26D278F92684D6FC0059B42B /* Models */ = {
			isa = PBXGroup;
			children = (
				262294682685A75500AB8595 /* Objects */,
			);
			path = Models;
			sourceTree = "<group>";
		};
		26D278FA2684D7030059B42B /* Views */ = {
			isa = PBXGroup;
			children = (
				26229462268584C600AB8595 /* Favorites */,
				26229461268584BF00AB8595 /* Genres */,
				26229460268584B800AB8595 /* Pokedex */,
				26229456268573BF00AB8595 /* Custom */,
			);
			path = Views;
			sourceTree = "<group>";
		};
		26D278FB2684D7070059B42B /* Controllers */ = {
			isa = PBXGroup;
			children = (
				26D279162684DEAB0059B42B /* Others */,
				26D279152684DE990059B42B /* Tabs */,
			);
			path = Controllers;
			sourceTree = "<group>";
		};
		26D278FC2684D70E0059B42B /* Define */ = {
			isa = PBXGroup;
			children = (
				26D279042684D9260059B42B /* App.swift */,
				26D279072684D95B0059B42B /* App.API.swift */,
				26D2790A2684D9980059B42B /* App.Color.swift */,
				26D2790D2684DC2D0059B42B /* App.Font.swift */,
				2640786B2685D92A007B96B4 /* App.Cache.swift */,
				26FE1962268972B6008C3B5C /* APIService.swift */,
			);
			path = Define;
			sourceTree = "<group>";
		};
		26D278FD2684D7150059B42B /* AppDelegate */ = {
			isa = PBXGroup;
			children = (
				26D278E0268483660059B42B /* AppDelegate.swift */,
				26D278E2268483660059B42B /* SceneDelegate.swift */,
			);
			path = AppDelegate;
			sourceTree = "<group>";
		};
		26D278FF2684D72E0059B42B /* Fonts */ = {
			isa = PBXGroup;
			children = (
				26D279102684DD2C0059B42B /* pixelmix_bold.ttf */,
				26D279112684DD2C0059B42B /* pixelmix.ttf */,
			);
			path = Fonts;
			sourceTree = "<group>";
		};
		26D279152684DE990059B42B /* Tabs */ = {
			isa = PBXGroup;
			children = (
				26D2791E2684DEF00059B42B /* FavoritesViewController.swift */,
				26D2791B2684DEE20059B42B /* GenresViewController.swift */,
				26D279172684DEBC0059B42B /* PokedexViewController.swift */,
			);
			path = Tabs;
			sourceTree = "<group>";
		};
		26D279162684DEAB0059B42B /* Others */ = {
			isa = PBXGroup;
			children = (
				26D279212684DF110059B42B /* DetailsViewController.swift */,
			);
			path = Others;
			sourceTree = "<group>";
		};
		26FE19652689768C008C3B5C /* Reusables */ = {
			isa = PBXGroup;
			children = (
				26FE1966268976A0008C3B5C /* FooterPokedexReusableView.swift */,
			);
			path = Reusables;
			sourceTree = "<group>";
		};
/* End PBXGroup section */

/* Begin PBXNativeTarget section */
		268629F72693FD0500C5A794 /* PokedexTests */ = {
			isa = PBXNativeTarget;
			buildConfigurationList = 26862A012693FD0500C5A794 /* Build configuration list for PBXNativeTarget "PokedexTests" */;
			buildPhases = (
				268629F42693FD0500C5A794 /* Sources */,
				268629F52693FD0500C5A794 /* Frameworks */,
				268629F62693FD0500C5A794 /* Resources */,
			);
			buildRules = (
			);
			dependencies = (
				268629FE2693FD0500C5A794 /* PBXTargetDependency */,
			);
			name = PokedexTests;
			productName = PokedexTests;
			productReference = 268629F82693FD0500C5A794 /* PokedexTests.xctest */;
			productType = "com.apple.product-type.bundle.unit-test";
		};
		26D278DC268483650059B42B /* PokedexApp */ = {
			isa = PBXNativeTarget;
			buildConfigurationList = 26D278F12684836F0059B42B /* Build configuration list for PBXNativeTarget "PokedexApp" */;
			buildPhases = (
				26D278D9268483650059B42B /* Sources */,
				26D278DA268483650059B42B /* Frameworks */,
				26D278DB268483650059B42B /* Resources */,
			);
			buildRules = (
			);
			dependencies = (
			);
			name = PokedexApp;
			productName = PokedexApp;
			productReference = 26D278DD268483660059B42B /* Pokedex.app */;
			productType = "com.apple.product-type.application";
		};
/* End PBXNativeTarget section */

/* Begin PBXProject section */
		26D278D5268483650059B42B /* Project object */ = {
			isa = PBXProject;
			attributes = {
				LastSwiftUpdateCheck = 1240;
				LastUpgradeCheck = 1240;
				TargetAttributes = {
					268629F72693FD0500C5A794 = {
						CreatedOnToolsVersion = 12.4;
						TestTargetID = 26D278DC268483650059B42B;
					};
					26D278DC268483650059B42B = {
						CreatedOnToolsVersion = 12.4;
					};
				};
			};
			buildConfigurationList = 26D278D8268483650059B42B /* Build configuration list for PBXProject "PokedexApp" */;
			compatibilityVersion = "Xcode 9.3";
			developmentRegion = en;
			hasScannedForEncodings = 0;
			knownRegions = (
				en,
				Base,
			);
			mainGroup = 26D278D4268483650059B42B;
			productRefGroup = 26D278DE268483660059B42B /* Products */;
			projectDirPath = "";
			projectRoot = "";
			targets = (
				26D278DC268483650059B42B /* PokedexApp */,
				268629F72693FD0500C5A794 /* PokedexTests */,
			);
		};
/* End PBXProject section */

/* Begin PBXResourcesBuildPhase section */
		268629F62693FD0500C5A794 /* Resources */ = {
			isa = PBXResourcesBuildPhase;
			buildActionMask = 2147483647;
			files = (
				26E17673269554CD0081DF04 /* data.json in Resources */,
			);
			runOnlyForDeploymentPostprocessing = 0;
		};
		26D278DB268483650059B42B /* Resources */ = {
			isa = PBXResourcesBuildPhase;
			buildActionMask = 2147483647;
			files = (
				26D279122684DD2C0059B42B /* pixelmix_bold.ttf in Resources */,
				26D279132684DD2C0059B42B /* pixelmix.ttf in Resources */,
				26D278ED2684836F0059B42B /* LaunchScreen.storyboard in Resources */,
				26D278EA2684836F0059B42B /* Assets.xcassets in Resources */,
				26D278E8268483660059B42B /* Main.storyboard in Resources */,
			);
			runOnlyForDeploymentPostprocessing = 0;
		};
/* End PBXResourcesBuildPhase section */

/* Begin PBXSourcesBuildPhase section */
		268629F42693FD0500C5A794 /* Sources */ = {
			isa = PBXSourcesBuildPhase;
			buildActionMask = 2147483647;
			files = (
				268629FB2693FD0500C5A794 /* PokedexTests.swift in Sources */,
			);
			runOnlyForDeploymentPostprocessing = 0;
		};
		26D278D9268483650059B42B /* Sources */ = {
			isa = PBXSourcesBuildPhase;
			buildActionMask = 2147483647;
			files = (
				26FE1963268972B6008C3B5C /* APIService.swift in Sources */,
				26D2791C2684DEE20059B42B /* GenresViewController.swift in Sources */,
				2686297D268EA87900C5A794 /* UIViewController.swift in Sources */,
				26F74521268B02E8001C973A /* Int.swift in Sources */,
				26D2791F2684DEF00059B42B /* FavoritesViewController.swift in Sources */,
				26C160F0268C1580002A1B5A /* PokemonDatabase+CoreDataClass.swift in Sources */,
				26C160F5268C181C002A1B5A /* DatabaseManager.swift in Sources */,
				2640786C2685D92A007B96B4 /* App.Cache.swift in Sources */,
				26C160F1268C1580002A1B5A /* PokemonDatabase+CoreDataProperties.swift in Sources */,
				26D279052684D9260059B42B /* App.swift in Sources */,
				26B4DB03268D76EB009CFC73 /* FavoritesTableViewCell.swift in Sources */,
				26D279082684D95B0059B42B /* App.API.swift in Sources */,
				26D278E1268483660059B42B /* AppDelegate.swift in Sources */,
				26229465268584F700AB8595 /* PokedexCollectionViewCell.swift in Sources */,
				26D2790E2684DC2D0059B42B /* App.Font.swift in Sources */,
				26C160EC268C144F002A1B5A /* PokemonsDatabase.xcdatamodeld in Sources */,
				26FE1967268976A0008C3B5C /* FooterPokedexReusableView.swift in Sources */,
				26D278E3268483660059B42B /* SceneDelegate.swift in Sources */,
				26229458268573D600AB8595 /* SearchBarView.swift in Sources */,
				26C1610A268C4AB3002A1B5A /* PokemonsType.swift in Sources */,
				2622946A2685A76E00AB8595 /* Pokemon.swift in Sources */,
				26C16103268C4715002A1B5A /* GenresCollectionViewCell.swift in Sources */,
				26D2790B2684D9980059B42B /* App.Color.swift in Sources */,
				26D279182684DEBC0059B42B /* PokedexViewController.swift in Sources */,
				26D279222684DF110059B42B /* DetailsViewController.swift in Sources */,
				26FE196026897114008C3B5C /* String.swift in Sources */,
				2622946F2685B0FD00AB8595 /* UIImage.swift in Sources */,
			);
			runOnlyForDeploymentPostprocessing = 0;
		};
/* End PBXSourcesBuildPhase section */

/* Begin PBXTargetDependency section */
		268629FE2693FD0500C5A794 /* PBXTargetDependency */ = {
			isa = PBXTargetDependency;
			target = 26D278DC268483650059B42B /* PokedexApp */;
			targetProxy = 268629FD2693FD0500C5A794 /* PBXContainerItemProxy */;
		};
/* End PBXTargetDependency section */

/* Begin PBXVariantGroup section */
		26D278E6268483660059B42B /* Main.storyboard */ = {
			isa = PBXVariantGroup;
			children = (
				26D278E7268483660059B42B /* Base */,
			);
			name = Main.storyboard;
			sourceTree = "<group>";
		};
		26D278EB2684836F0059B42B /* LaunchScreen.storyboard */ = {
			isa = PBXVariantGroup;
			children = (
				26D278EC2684836F0059B42B /* Base */,
			);
			name = LaunchScreen.storyboard;
			sourceTree = "<group>";
		};
/* End PBXVariantGroup section */

/* Begin XCBuildConfiguration section */
		268629FF2693FD0500C5A794 /* Debug */ = {
			isa = XCBuildConfiguration;
			buildSettings = {
				BUNDLE_LOADER = "$(TEST_HOST)";
				CODE_SIGN_STYLE = Automatic;
				INFOPLIST_FILE = PokedexTests/Info.plist;
				LD_RUNPATH_SEARCH_PATHS = (
					"$(inherited)",
					"@executable_path/Frameworks",
					"@loader_path/Frameworks",
				);
				PRODUCT_BUNDLE_IDENTIFIER = com.phongle.PokedexTests;
				PRODUCT_NAME = "$(TARGET_NAME)";
				SWIFT_VERSION = 5.0;
				TARGETED_DEVICE_FAMILY = "1,2";
				TEST_HOST = "$(BUILT_PRODUCTS_DIR)/Pokedex.app/Pokedex";
			};
			name = Debug;
		};
		26862A002693FD0500C5A794 /* Release */ = {
			isa = XCBuildConfiguration;
			buildSettings = {
				BUNDLE_LOADER = "$(TEST_HOST)";
				CODE_SIGN_STYLE = Automatic;
				INFOPLIST_FILE = PokedexTests/Info.plist;
				LD_RUNPATH_SEARCH_PATHS = (
					"$(inherited)",
					"@executable_path/Frameworks",
					"@loader_path/Frameworks",
				);
				PRODUCT_BUNDLE_IDENTIFIER = com.phongle.PokedexTests;
				PRODUCT_NAME = "$(TARGET_NAME)";
				SWIFT_VERSION = 5.0;
				TARGETED_DEVICE_FAMILY = "1,2";
				TEST_HOST = "$(BUILT_PRODUCTS_DIR)/Pokedex.app/Pokedex";
			};
			name = Release;
		};
		26D278EF2684836F0059B42B /* Debug */ = {
			isa = XCBuildConfiguration;
			buildSettings = {
				ALWAYS_SEARCH_USER_PATHS = NO;
				CLANG_ANALYZER_NONNULL = YES;
				CLANG_ANALYZER_NUMBER_OBJECT_CONVERSION = YES_AGGRESSIVE;
				CLANG_CXX_LANGUAGE_STANDARD = "gnu++14";
				CLANG_CXX_LIBRARY = "libc++";
				CLANG_ENABLE_MODULES = YES;
				CLANG_ENABLE_OBJC_ARC = YES;
				CLANG_ENABLE_OBJC_WEAK = YES;
				CLANG_WARN_BLOCK_CAPTURE_AUTORELEASING = YES;
				CLANG_WARN_BOOL_CONVERSION = YES;
				CLANG_WARN_COMMA = YES;
				CLANG_WARN_CONSTANT_CONVERSION = YES;
				CLANG_WARN_DEPRECATED_OBJC_IMPLEMENTATIONS = YES;
				CLANG_WARN_DIRECT_OBJC_ISA_USAGE = YES_ERROR;
				CLANG_WARN_DOCUMENTATION_COMMENTS = YES;
				CLANG_WARN_EMPTY_BODY = YES;
				CLANG_WARN_ENUM_CONVERSION = YES;
				CLANG_WARN_INFINITE_RECURSION = YES;
				CLANG_WARN_INT_CONVERSION = YES;
				CLANG_WARN_NON_LITERAL_NULL_CONVERSION = YES;
				CLANG_WARN_OBJC_IMPLICIT_RETAIN_SELF = YES;
				CLANG_WARN_OBJC_LITERAL_CONVERSION = YES;
				CLANG_WARN_OBJC_ROOT_CLASS = YES_ERROR;
				CLANG_WARN_QUOTED_INCLUDE_IN_FRAMEWORK_HEADER = YES;
				CLANG_WARN_RANGE_LOOP_ANALYSIS = YES;
				CLANG_WARN_STRICT_PROTOTYPES = YES;
				CLANG_WARN_SUSPICIOUS_MOVE = YES;
				CLANG_WARN_UNGUARDED_AVAILABILITY = YES_AGGRESSIVE;
				CLANG_WARN_UNREACHABLE_CODE = YES;
				CLANG_WARN__DUPLICATE_METHOD_MATCH = YES;
				COPY_PHASE_STRIP = NO;
				DEBUG_INFORMATION_FORMAT = dwarf;
				ENABLE_STRICT_OBJC_MSGSEND = YES;
				ENABLE_TESTABILITY = YES;
				GCC_C_LANGUAGE_STANDARD = gnu11;
				GCC_DYNAMIC_NO_PIC = NO;
				GCC_NO_COMMON_BLOCKS = YES;
				GCC_OPTIMIZATION_LEVEL = 0;
				GCC_PREPROCESSOR_DEFINITIONS = (
					"DEBUG=1",
					"$(inherited)",
				);
				GCC_WARN_64_TO_32_BIT_CONVERSION = YES;
				GCC_WARN_ABOUT_RETURN_TYPE = YES_ERROR;
				GCC_WARN_UNDECLARED_SELECTOR = YES;
				GCC_WARN_UNINITIALIZED_AUTOS = YES_AGGRESSIVE;
				GCC_WARN_UNUSED_FUNCTION = YES;
				GCC_WARN_UNUSED_VARIABLE = YES;
				IPHONEOS_DEPLOYMENT_TARGET = 14.4;
				MTL_ENABLE_DEBUG_INFO = INCLUDE_SOURCE;
				MTL_FAST_MATH = YES;
				ONLY_ACTIVE_ARCH = YES;
				SDKROOT = iphoneos;
				SWIFT_ACTIVE_COMPILATION_CONDITIONS = DEBUG;
				SWIFT_OPTIMIZATION_LEVEL = "-Onone";
			};
			name = Debug;
		};
		26D278F02684836F0059B42B /* Release */ = {
			isa = XCBuildConfiguration;
			buildSettings = {
				ALWAYS_SEARCH_USER_PATHS = NO;
				CLANG_ANALYZER_NONNULL = YES;
				CLANG_ANALYZER_NUMBER_OBJECT_CONVERSION = YES_AGGRESSIVE;
				CLANG_CXX_LANGUAGE_STANDARD = "gnu++14";
				CLANG_CXX_LIBRARY = "libc++";
				CLANG_ENABLE_MODULES = YES;
				CLANG_ENABLE_OBJC_ARC = YES;
				CLANG_ENABLE_OBJC_WEAK = YES;
				CLANG_WARN_BLOCK_CAPTURE_AUTORELEASING = YES;
				CLANG_WARN_BOOL_CONVERSION = YES;
				CLANG_WARN_COMMA = YES;
				CLANG_WARN_CONSTANT_CONVERSION = YES;
				CLANG_WARN_DEPRECATED_OBJC_IMPLEMENTATIONS = YES;
				CLANG_WARN_DIRECT_OBJC_ISA_USAGE = YES_ERROR;
				CLANG_WARN_DOCUMENTATION_COMMENTS = YES;
				CLANG_WARN_EMPTY_BODY = YES;
				CLANG_WARN_ENUM_CONVERSION = YES;
				CLANG_WARN_INFINITE_RECURSION = YES;
				CLANG_WARN_INT_CONVERSION = YES;
				CLANG_WARN_NON_LITERAL_NULL_CONVERSION = YES;
				CLANG_WARN_OBJC_IMPLICIT_RETAIN_SELF = YES;
				CLANG_WARN_OBJC_LITERAL_CONVERSION = YES;
				CLANG_WARN_OBJC_ROOT_CLASS = YES_ERROR;
				CLANG_WARN_QUOTED_INCLUDE_IN_FRAMEWORK_HEADER = YES;
				CLANG_WARN_RANGE_LOOP_ANALYSIS = YES;
				CLANG_WARN_STRICT_PROTOTYPES = YES;
				CLANG_WARN_SUSPICIOUS_MOVE = YES;
				CLANG_WARN_UNGUARDED_AVAILABILITY = YES_AGGRESSIVE;
				CLANG_WARN_UNREACHABLE_CODE = YES;
				CLANG_WARN__DUPLICATE_METHOD_MATCH = YES;
				COPY_PHASE_STRIP = NO;
				DEBUG_INFORMATION_FORMAT = "dwarf-with-dsym";
				ENABLE_NS_ASSERTIONS = NO;
				ENABLE_STRICT_OBJC_MSGSEND = YES;
				GCC_C_LANGUAGE_STANDARD = gnu11;
				GCC_NO_COMMON_BLOCKS = YES;
				GCC_WARN_64_TO_32_BIT_CONVERSION = YES;
				GCC_WARN_ABOUT_RETURN_TYPE = YES_ERROR;
				GCC_WARN_UNDECLARED_SELECTOR = YES;
				GCC_WARN_UNINITIALIZED_AUTOS = YES_AGGRESSIVE;
				GCC_WARN_UNUSED_FUNCTION = YES;
				GCC_WARN_UNUSED_VARIABLE = YES;
				IPHONEOS_DEPLOYMENT_TARGET = 14.4;
				MTL_ENABLE_DEBUG_INFO = NO;
				MTL_FAST_MATH = YES;
				SDKROOT = iphoneos;
				SWIFT_COMPILATION_MODE = wholemodule;
				SWIFT_OPTIMIZATION_LEVEL = "-O";
				VALIDATE_PRODUCT = YES;
			};
			name = Release;
		};
		26D278F22684836F0059B42B /* Debug */ = {
			isa = XCBuildConfiguration;
			buildSettings = {
				ASSETCATALOG_COMPILER_APPICON_NAME = AppIcon;
				ASSETCATALOG_COMPILER_GLOBAL_ACCENT_COLOR_NAME = AccentColor;
				CODE_SIGN_STYLE = Automatic;
				INFOPLIST_FILE = PokedexApp/Info.plist;
				LD_RUNPATH_SEARCH_PATHS = (
					"$(inherited)",
					"@executable_path/Frameworks",
				);
				PRODUCT_BUNDLE_IDENTIFIER = com.phongle.PokedexApp;
				PRODUCT_NAME = Pokedex;
				SWIFT_VERSION = 5.0;
				TARGETED_DEVICE_FAMILY = "1,2";
			};
			name = Debug;
		};
		26D278F32684836F0059B42B /* Release */ = {
			isa = XCBuildConfiguration;
			buildSettings = {
				ASSETCATALOG_COMPILER_APPICON_NAME = AppIcon;
				ASSETCATALOG_COMPILER_GLOBAL_ACCENT_COLOR_NAME = AccentColor;
				CODE_SIGN_STYLE = Automatic;
				INFOPLIST_FILE = PokedexApp/Info.plist;
				LD_RUNPATH_SEARCH_PATHS = (
					"$(inherited)",
					"@executable_path/Frameworks",
				);
				PRODUCT_BUNDLE_IDENTIFIER = com.phongle.PokedexApp;
				PRODUCT_NAME = Pokedex;
				SWIFT_VERSION = 5.0;
				TARGETED_DEVICE_FAMILY = "1,2";
			};
			name = Release;
		};
/* End XCBuildConfiguration section */

/* Begin XCConfigurationList section */
		26862A012693FD0500C5A794 /* Build configuration list for PBXNativeTarget "PokedexTests" */ = {
			isa = XCConfigurationList;
			buildConfigurations = (
				268629FF2693FD0500C5A794 /* Debug */,
				26862A002693FD0500C5A794 /* Release */,
			);
			defaultConfigurationIsVisible = 0;
			defaultConfigurationName = Release;
		};
		26D278D8268483650059B42B /* Build configuration list for PBXProject "PokedexApp" */ = {
			isa = XCConfigurationList;
			buildConfigurations = (
				26D278EF2684836F0059B42B /* Debug */,
				26D278F02684836F0059B42B /* Release */,
			);
			defaultConfigurationIsVisible = 0;
			defaultConfigurationName = Release;
		};
		26D278F12684836F0059B42B /* Build configuration list for PBXNativeTarget "PokedexApp" */ = {
			isa = XCConfigurationList;
			buildConfigurations = (
				26D278F22684836F0059B42B /* Debug */,
				26D278F32684836F0059B42B /* Release */,
			);
			defaultConfigurationIsVisible = 0;
			defaultConfigurationName = Release;
		};
/* End XCConfigurationList section */

/* Begin XCVersionGroup section */
		26C160EA268C144E002A1B5A /* PokemonsDatabase.xcdatamodeld */ = {
			isa = XCVersionGroup;
			children = (
				26C160EB268C144E002A1B5A /* PokemonsDatabase.xcdatamodel */,
			);
			currentVersion = 26C160EB268C144E002A1B5A /* PokemonsDatabase.xcdatamodel */;
			path = PokemonsDatabase.xcdatamodeld;
			sourceTree = "<group>";
			versionGroupType = wrapper.xcdatamodel;
		};
/* End XCVersionGroup section */
	};
	rootObject = 26D278D5268483650059B42B /* Project object */;
}
